
Microsoft Visual Studio Solution File, Format Version 12.00
# Visual Studio 15
VisualStudioVersion = 15.0.27703.2035
MinimumVisualStudioVersion = 10.0.40219.1
Project("{FAE04EC0-301F-11D3-BF4B-00C04F79EFBC}") = "MVVMDemo", "MVVMDemo\MVVMDemo.csproj", "{53322266-9705-4595-AC4A-42F3B39BB005}"
EndProject
Global
	GlobalSection(SolutionConfigurationPlatforms) = preSolution
		Debug|Any CPU = Debug|Any CPU
		Release|Any CPU = Release|Any CPU
	EndGlobalSection
	GlobalSection(ProjectConfigurationPlatforms) = postSolution
		{53322266-9705-4595-AC4A-42F3B39BB005}.Debug|Any CPU.ActiveCfg = Debug|Any CPU
		{53322266-9705-4595-AC4A-42F3B39BB005}.Debug|Any CPU.Build.0 = Debug|Any CPU
		{53322266-9705-4595-AC4A-42F3B39BB005}.Release|Any CPU.ActiveCfg = Release|Any CPU
		{53322266-9705-4595-AC4A-42F3B39BB005}.Release|Any CPU.Build.0 = Release|Any CPU
	EndGlobalSection
	GlobalSection(SolutionProperties) = preSolution
		HideSolutionNode = FALSE
	EndGlobalSection
	GlobalSection(ExtensibilityGlobals) = postSolution
		SolutionGuid = {DA10BC69-51CB-48C5-8143-4DA49581AE49}
	EndGlobalSection
EndGlobal
